// !$*UTF8*$!
{
	archiveVersion = 1;
	classes = {
	};
	objectVersion = 77;
	objects = {

/* Begin PBXContainerItemProxy section */
		A5EA7E6D2CE3C92B002592F8 /* PBXContainerItemProxy */ = {
			isa = PBXContainerItemProxy;
			containerPortal = A5EA7E542CE3C92A002592F8 /* Project object */;
			proxyType = 1;
			remoteGlobalIDString = A5EA7E5B2CE3C92A002592F8;
			remoteInfo = CardFlip;
		};
		A5EA7E772CE3C92B002592F8 /* PBXContainerItemProxy */ = {
			isa = PBXContainerItemProxy;
			containerPortal = A5EA7E542CE3C92A002592F8 /* Project object */;
			proxyType = 1;
			remoteGlobalIDString = A5EA7E5B2CE3C92A002592F8;
			remoteInfo = CardFlip;
		};
/* End PBXContainerItemProxy section */

/* Begin PBXFileReference section */
		A5EA7E5C2CE3C92A002592F8 /* CardFlip.app */ = {isa = PBXFileReference; explicitFileType = wrapper.application; includeInIndex = 0; path = CardFlip.app; sourceTree = BUILT_PRODUCTS_DIR; };
		A5EA7E6C2CE3C92B002592F8 /* CardFlipTests.xctest */ = {isa = PBXFileReference; explicitFileType = wrapper.cfbundle; includeInIndex = 0; path = CardFlipTests.xctest; sourceTree = BUILT_PRODUCTS_DIR; };
		A5EA7E762CE3C92B002592F8 /* CardFlipUITests.xctest */ = {isa = PBXFileReference; explicitFileType = wrapper.cfbundle; includeInIndex = 0; path = CardFlipUITests.xctest; sourceTree = BUILT_PRODUCTS_DIR; };
/* End PBXFileReference section */

/* Begin PBXFileSystemSynchronizedRootGroup section */
		A5EA7E5E2CE3C92A002592F8 /* CardFlip */ = {
			isa = PBXFileSystemSynchronizedRootGroup;
			path = CardFlip;
			sourceTree = "<group>";
		};
		A5EA7E6F2CE3C92B002592F8 /* CardFlipTests */ = {
			isa = PBXFileSystemSynchronizedRootGroup;
			path = CardFlipTests;
			sourceTree = "<group>";
		};
		A5EA7E792CE3C92B002592F8 /* CardFlipUITests */ = {
			isa = PBXFileSystemSynchronizedRootGroup;
			path = CardFlipUITests;
			sourceTree = "<group>";
		};
/* End PBXFileSystemSynchronizedRootGroup section */

/* Begin PBXFrameworksBuildPhase section */
		A5EA7E592CE3C92A002592F8 /* Frameworks */ = {
			isa = PBXFrameworksBuildPhase;
			buildActionMask = 2147483647;
			files = (
			);
			runOnlyForDeploymentPostprocessing = 0;
		};
		A5EA7E692CE3C92B002592F8 /* Frameworks */ = {
			isa = PBXFrameworksBuildPhase;
			buildActionMask = 2147483647;
			files = (
			);
			runOnlyForDeploymentPostprocessing = 0;
		};
		A5EA7E732CE3C92B002592F8 /* Frameworks */ = {
			isa = PBXFrameworksBuildPhase;
			buildActionMask = 2147483647;
			files = (
			);
			runOnlyForDeploymentPostprocessing = 0;
		};
/* End PBXFrameworksBuildPhase section */

/* Begin PBXGroup section */
		A5EA7E532CE3C92A002592F8 = {
			isa = PBXGroup;
			children = (
				A5EA7E5E2CE3C92A002592F8 /* CardFlip */,
				A5EA7E6F2CE3C92B002592F8 /* CardFlipTests */,
				A5EA7E792CE3C92B002592F8 /* CardFlipUITests */,
				A5EA7E5D2CE3C92A002592F8 /* Products */,
			);
			sourceTree = "<group>";
		};
		A5EA7E5D2CE3C92A002592F8 /* Products */ = {
			isa = PBXGroup;
			children = (
				A5EA7E5C2CE3C92A002592F8 /* CardFlip.app */,
				A5EA7E6C2CE3C92B002592F8 /* CardFlipTests.xctest */,
				A5EA7E762CE3C92B002592F8 /* CardFlipUITests.xctest */,
			);
			name = Products;
			sourceTree = "<group>";
		};
/* End PBXGroup section */

/* Begin PBXNativeTarget section */
		A5EA7E5B2CE3C92A002592F8 /* CardFlip */ = {
			isa = PBXNativeTarget;
			buildConfigurationList = A5EA7E802CE3C92B002592F8 /* Build configuration list for PBXNativeTarget "CardFlip" */;
			buildPhases = (
				A5EA7E582CE3C92A002592F8 /* Sources */,
				A5EA7E592CE3C92A002592F8 /* Frameworks */,
				A5EA7E5A2CE3C92A002592F8 /* Resources */,
			);
			buildRules = (
			);
			dependencies = (
			);
			fileSystemSynchronizedGroups = (
				A5EA7E5E2CE3C92A002592F8 /* CardFlip */,
			);
			name = CardFlip;
			packageProductDependencies = (
			);
			productName = CardFlip;
			productReference = A5EA7E5C2CE3C92A002592F8 /* CardFlip.app */;
			productType = "com.apple.product-type.application";
		};
		A5EA7E6B2CE3C92B002592F8 /* CardFlipTests */ = {
			isa = PBXNativeTarget;
			buildConfigurationList = A5EA7E832CE3C92B002592F8 /* Build configuration list for PBXNativeTarget "CardFlipTests" */;
			buildPhases = (
				A5EA7E682CE3C92B002592F8 /* Sources */,
				A5EA7E692CE3C92B002592F8 /* Frameworks */,
				A5EA7E6A2CE3C92B002592F8 /* Resources */,
			);
			buildRules = (
			);
			dependencies = (
				A5EA7E6E2CE3C92B002592F8 /* PBXTargetDependency */,
			);
			fileSystemSynchronizedGroups = (
				A5EA7E6F2CE3C92B002592F8 /* CardFlipTests */,
			);
			name = CardFlipTests;
			packageProductDependencies = (
			);
			productName = CardFlipTests;
			productReference = A5EA7E6C2CE3C92B002592F8 /* CardFlipTests.xctest */;
			productType = "com.apple.product-type.bundle.unit-test";
		};
		A5EA7E752CE3C92B002592F8 /* CardFlipUITests */ = {
			isa = PBXNativeTarget;
			buildConfigurationList = A5EA7E862CE3C92B002592F8 /* Build configuration list for PBXNativeTarget "CardFlipUITests" */;
			buildPhases = (
				A5EA7E722CE3C92B002592F8 /* Sources */,
				A5EA7E732CE3C92B002592F8 /* Frameworks */,
				A5EA7E742CE3C92B002592F8 /* Resources */,
			);
			buildRules = (
			);
			dependencies = (
				A5EA7E782CE3C92B002592F8 /* PBXTargetDependency */,
			);
			fileSystemSynchronizedGroups = (
				A5EA7E792CE3C92B002592F8 /* CardFlipUITests */,
			);
			name = CardFlipUITests;
			packageProductDependencies = (
			);
			productName = CardFlipUITests;
			productReference = A5EA7E762CE3C92B002592F8 /* CardFlipUITests.xctest */;
			productType = "com.apple.product-type.bundle.ui-testing";
		};
/* End PBXNativeTarget section */

/* Begin PBXProject section */
		A5EA7E542CE3C92A002592F8 /* Project object */ = {
			isa = PBXProject;
			attributes = {
				BuildIndependentTargetsInParallel = 1;
				LastSwiftUpdateCheck = 1600;
				LastUpgradeCheck = 1600;
				TargetAttributes = {
					A5EA7E5B2CE3C92A002592F8 = {
						CreatedOnToolsVersion = 16.0;
					};
					A5EA7E6B2CE3C92B002592F8 = {
						CreatedOnToolsVersion = 16.0;
						TestTargetID = A5EA7E5B2CE3C92A002592F8;
					};
					A5EA7E752CE3C92B002592F8 = {
						CreatedOnToolsVersion = 16.0;
						TestTargetID = A5EA7E5B2CE3C92A002592F8;
					};
				};
			};
			buildConfigurationList = A5EA7E572CE3C92A002592F8 /* Build configuration list for PBXProject "CardFlip" */;
			developmentRegion = en;
			hasScannedForEncodings = 0;
			knownRegions = (
				en,
				Base,
			);
			mainGroup = A5EA7E532CE3C92A002592F8;
			minimizedProjectReferenceProxies = 1;
			preferredProjectObjectVersion = 77;
			productRefGroup = A5EA7E5D2CE3C92A002592F8 /* Products */;
			projectDirPath = "";
			projectRoot = "";
			targets = (
				A5EA7E5B2CE3C92A002592F8 /* CardFlip */,
				A5EA7E6B2CE3C92B002592F8 /* CardFlipTests */,
				A5EA7E752CE3C92B002592F8 /* CardFlipUITests */,
			);
		};
/* End PBXProject section */

/* Begin PBXResourcesBuildPhase section */
		A5EA7E5A2CE3C92A002592F8 /* Resources */ = {
			isa = PBXResourcesBuildPhase;
			buildActionMask = 2147483647;
			files = (
			);
			runOnlyForDeploymentPostprocessing = 0;
		};
		A5EA7E6A2CE3C92B002592F8 /* Resources */ = {
			isa = PBXResourcesBuildPhase;
			buildActionMask = 2147483647;
			files = (
			);
			runOnlyForDeploymentPostprocessing = 0;
		};
		A5EA7E742CE3C92B002592F8 /* Resources */ = {
			isa = PBXResourcesBuildPhase;
			buildActionMask = 2147483647;
			files = (
			);
			runOnlyForDeploymentPostprocessing = 0;
		};
/* End PBXResourcesBuildPhase section */

/* Begin PBXSourcesBuildPhase section */
		A5EA7E582CE3C92A002592F8 /* Sources */ = {
			isa = PBXSourcesBuildPhase;
			buildActionMask = 2147483647;
			files = (
			);
			runOnlyForDeploymentPostprocessing = 0;
		};
		A5EA7E682CE3C92B002592F8 /* Sources */ = {
			isa = PBXSourcesBuildPhase;
			buildActionMask = 2147483647;
			files = (
			);
			runOnlyForDeploymentPostprocessing = 0;
		};
		A5EA7E722CE3C92B002592F8 /* Sources */ = {
			isa = PBXSourcesBuildPhase;
			buildActionMask = 2147483647;
			files = (
			);
			runOnlyForDeploymentPostprocessing = 0;
		};
/* End PBXSourcesBuildPhase section */

/* Begin PBXTargetDependency section */
		A5EA7E6E2CE3C92B002592F8 /* PBXTargetDependency */ = {
			isa = PBXTargetDependency;
			target = A5EA7E5B2CE3C92A002592F8 /* CardFlip */;
			targetProxy = A5EA7E6D2CE3C92B002592F8 /* PBXContainerItemProxy */;
		};
		A5EA7E782CE3C92B002592F8 /* PBXTargetDependency */ = {
			isa = PBXTargetDependency;
			target = A5EA7E5B2CE3C92A002592F8 /* CardFlip */;
			targetProxy = A5EA7E772CE3C92B002592F8 /* PBXContainerItemProxy */;
		};
/* End PBXTargetDependency section */

/* Begin XCBuildConfiguration section */
		A5EA7E7E2CE3C92B002592F8 /* Debug */ = {
			isa = XCBuildConfiguration;
			buildSettings = {
				ALWAYS_SEARCH_USER_PATHS = NO;
				ASSETCATALOG_COMPILER_GENERATE_SWIFT_ASSET_SYMBOL_EXTENSIONS = YES;
				CLANG_ANALYZER_NONNULL = YES;
				CLANG_ANALYZER_NUMBER_OBJECT_CONVERSION = YES_AGGRESSIVE;
				CLANG_CXX_LANGUAGE_STANDARD = "gnu++20";
				CLANG_ENABLE_MODULES = YES;
				CLANG_ENABLE_OBJC_ARC = YES;
				CLANG_ENABLE_OBJC_WEAK = YES;
				CLANG_WARN_BLOCK_CAPTURE_AUTORELEASING = YES;
				CLANG_WARN_BOOL_CONVERSION = YES;
				CLANG_WARN_COMMA = YES;
				CLANG_WARN_CONSTANT_CONVERSION = YES;
				CLANG_WARN_DEPRECATED_OBJC_IMPLEMENTATIONS = YES;
				CLANG_WARN_DIRECT_OBJC_ISA_USAGE = YES_ERROR;
				CLANG_WARN_DOCUMENTATION_COMMENTS = YES;
				CLANG_WARN_EMPTY_BODY = YES;
				CLANG_WARN_ENUM_CONVERSION = YES;
				CLANG_WARN_INFINITE_RECURSION = YES;
				CLANG_WARN_INT_CONVERSION = YES;
				CLANG_WARN_NON_LITERAL_NULL_CONVERSION = YES;
				CLANG_WARN_OBJC_IMPLICIT_RETAIN_SELF = YES;
				CLANG_WARN_OBJC_LITERAL_CONVERSION = YES;
				CLANG_WARN_OBJC_ROOT_CLASS = YES_ERROR;
				CLANG_WARN_QUOTED_INCLUDE_IN_FRAMEWORK_HEADER = YES;
				CLANG_WARN_RANGE_LOOP_ANALYSIS = YES;
				CLANG_WARN_STRICT_PROTOTYPES = YES;
				CLANG_WARN_SUSPICIOUS_MOVE = YES;
				CLANG_WARN_UNGUARDED_AVAILABILITY = YES_AGGRESSIVE;
				CLANG_WARN_UNREACHABLE_CODE = YES;
				CLANG_WARN__DUPLICATE_METHOD_MATCH = YES;
				COPY_PHASE_STRIP = NO;
				DEBUG_INFORMATION_FORMAT = dwarf;
				ENABLE_STRICT_OBJC_MSGSEND = YES;
				ENABLE_TESTABILITY = YES;
				ENABLE_USER_SCRIPT_SANDBOXING = YES;
				GCC_C_LANGUAGE_STANDARD = gnu17;
				GCC_DYNAMIC_NO_PIC = NO;
				GCC_NO_COMMON_BLOCKS = YES;
				GCC_OPTIMIZATION_LEVEL = 0;
				GCC_PREPROCESSOR_DEFINITIONS = (
					"DEBUG=1",
					"$(inherited)",
				);
				GCC_WARN_64_TO_32_BIT_CONVERSION = YES;
				GCC_WARN_ABOUT_RETURN_TYPE = YES_ERROR;
				GCC_WARN_UNDECLARED_SELECTOR = YES;
				GCC_WARN_UNINITIALIZED_AUTOS = YES_AGGRESSIVE;
				GCC_WARN_UNUSED_FUNCTION = YES;
				GCC_WARN_UNUSED_VARIABLE = YES;
				IPHONEOS_DEPLOYMENT_TARGET = 18.0;
				LOCALIZATION_PREFERS_STRING_CATALOGS = YES;
				MTL_ENABLE_DEBUG_INFO = INCLUDE_SOURCE;
				MTL_FAST_MATH = YES;
				ONLY_ACTIVE_ARCH = YES;
				SDKROOT = iphoneos;
				SWIFT_ACTIVE_COMPILATION_CONDITIONS = "DEBUG $(inherited)";
				SWIFT_OPTIMIZATION_LEVEL = "-Onone";
			};
			name = Debug;
		};
		A5EA7E7F2CE3C92B002592F8 /* Release */ = {
			isa = XCBuildConfiguration;
			buildSettings = {
				ALWAYS_SEARCH_USER_PATHS = NO;
				ASSETCATALOG_COMPILER_GENERATE_SWIFT_ASSET_SYMBOL_EXTENSIONS = YES;
				CLANG_ANALYZER_NONNULL = YES;
				CLANG_ANALYZER_NUMBER_OBJECT_CONVERSION = YES_AGGRESSIVE;
				CLANG_CXX_LANGUAGE_STANDARD = "gnu++20";
				CLANG_ENABLE_MODULES = YES;
				CLANG_ENABLE_OBJC_ARC = YES;
				CLANG_ENABLE_OBJC_WEAK = YES;
				CLANG_WARN_BLOCK_CAPTURE_AUTORELEASING = YES;
				CLANG_WARN_BOOL_CONVERSION = YES;
				CLANG_WARN_COMMA = YES;
				CLANG_WARN_CONSTANT_CONVERSION = YES;
				CLANG_WARN_DEPRECATED_OBJC_IMPLEMENTATIONS = YES;
				CLANG_WARN_DIRECT_OBJC_ISA_USAGE = YES_ERROR;
				CLANG_WARN_DOCUMENTATION_COMMENTS = YES;
				CLANG_WARN_EMPTY_BODY = YES;
				CLANG_WARN_ENUM_CONVERSION = YES;
				CLANG_WARN_INFINITE_RECURSION = YES;
				CLANG_WARN_INT_CONVERSION = YES;
				CLANG_WARN_NON_LITERAL_NULL_CONVERSION = YES;
				CLANG_WARN_OBJC_IMPLICIT_RETAIN_SELF = YES;
				CLANG_WARN_OBJC_LITERAL_CONVERSION = YES;
				CLANG_WARN_OBJC_ROOT_CLASS = YES_ERROR;
				CLANG_WARN_QUOTED_INCLUDE_IN_FRAMEWORK_HEADER = YES;
				CLANG_WARN_RANGE_LOOP_ANALYSIS = YES;
				CLANG_WARN_STRICT_PROTOTYPES = YES;
				CLANG_WARN_SUSPICIOUS_MOVE = YES;
				CLANG_WARN_UNGUARDED_AVAILABILITY = YES_AGGRESSIVE;
				CLANG_WARN_UNREACHABLE_CODE = YES;
				CLANG_WARN__DUPLICATE_METHOD_MATCH = YES;
				COPY_PHASE_STRIP = NO;
				DEBUG_INFORMATION_FORMAT = "dwarf-with-dsym";
				ENABLE_NS_ASSERTIONS = NO;
				ENABLE_STRICT_OBJC_MSGSEND = YES;
				ENABLE_USER_SCRIPT_SANDBOXING = YES;
				GCC_C_LANGUAGE_STANDARD = gnu17;
				GCC_NO_COMMON_BLOCKS = YES;
				GCC_WARN_64_TO_32_BIT_CONVERSION = YES;
				GCC_WARN_ABOUT_RETURN_TYPE = YES_ERROR;
				GCC_WARN_UNDECLARED_SELECTOR = YES;
				GCC_WARN_UNINITIALIZED_AUTOS = YES_AGGRESSIVE;
				GCC_WARN_UNUSED_FUNCTION = YES;
				GCC_WARN_UNUSED_VARIABLE = YES;
				IPHONEOS_DEPLOYMENT_TARGET = 18.0;
				LOCALIZATION_PREFERS_STRING_CATALOGS = YES;
				MTL_ENABLE_DEBUG_INFO = NO;
				MTL_FAST_MATH = YES;
				SDKROOT = iphoneos;
				SWIFT_COMPILATION_MODE = wholemodule;
				VALIDATE_PRODUCT = YES;
			};
			name = Release;
		};
		A5EA7E812CE3C92B002592F8 /* Debug */ = {
			isa = XCBuildConfiguration;
			buildSettings = {
				ASSETCATALOG_COMPILER_APPICON_NAME = AppIcon;
				ASSETCATALOG_COMPILER_GLOBAL_ACCENT_COLOR_NAME = AccentColor;
				CODE_SIGN_STYLE = Automatic;
				CURRENT_PROJECT_VERSION = 1;
				DEVELOPMENT_ASSET_PATHS = "\"CardFlip/Preview Content\"";
				DEVELOPMENT_TEAM = 5V3G35B3TW;
				ENABLE_PREVIEWS = YES;
				GENERATE_INFOPLIST_FILE = YES;
				INFOPLIST_KEY_UIApplicationSceneManifest_Generation = YES;
				INFOPLIST_KEY_UIApplicationSupportsIndirectInputEvents = YES;
				INFOPLIST_KEY_UILaunchScreen_Generation = YES;
				INFOPLIST_KEY_UISupportedInterfaceOrientations_iPad = "UIInterfaceOrientationPortrait UIInterfaceOrientationPortraitUpsideDown UIInterfaceOrientationLandscapeLeft UIInterfaceOrientationLandscapeRight";
				INFOPLIST_KEY_UISupportedInterfaceOrientations_iPhone = "UIInterfaceOrientationPortrait UIInterfaceOrientationLandscapeLeft UIInterfaceOrientationLandscapeRight";
				LD_RUNPATH_SEARCH_PATHS = (
					"$(inherited)",
					"@executable_path/Frameworks",
				);
				MARKETING_VERSION = 1.0;
				PRODUCT_BUNDLE_IDENTIFIER = com.Janzomon.CardFlip;
				PRODUCT_NAME = "$(TARGET_NAME)";
				SWIFT_EMIT_LOC_STRINGS = YES;
				SWIFT_VERSION = 5.0;
				TARGETED_DEVICE_FAMILY = "1,2";
			};
			name = Debug;
		};
		A5EA7E822CE3C92B002592F8 /* Release */ = {
			isa = XCBuildConfiguration;
			buildSettings = {
				ASSETCATALOG_COMPILER_APPICON_NAME = AppIcon;
				ASSETCATALOG_COMPILER_GLOBAL_ACCENT_COLOR_NAME = AccentColor;
				CODE_SIGN_STYLE = Automatic;
				CURRENT_PROJECT_VERSION = 1;
				DEVELOPMENT_ASSET_PATHS = "\"CardFlip/Preview Content\"";
				DEVELOPMENT_TEAM = 5V3G35B3TW;
				ENABLE_PREVIEWS = YES;
				GENERATE_INFOPLIST_FILE = YES;
				INFOPLIST_KEY_UIApplicationSceneManifest_Generation = YES;
				INFOPLIST_KEY_UIApplicationSupportsIndirectInputEvents = YES;
				INFOPLIST_KEY_UILaunchScreen_Generation = YES;
				INFOPLIST_KEY_UISupportedInterfaceOrientations_iPad = "UIInterfaceOrientationPortrait UIInterfaceOrientationPortraitUpsideDown UIInterfaceOrientationLandscapeLeft UIInterfaceOrientationLandscapeRight";
				INFOPLIST_KEY_UISupportedInterfaceOrientations_iPhone = "UIInterfaceOrientationPortrait UIInterfaceOrientationLandscapeLeft UIInterfaceOrientationLandscapeRight";
				LD_RUNPATH_SEARCH_PATHS = (
					"$(inherited)",
					"@executable_path/Frameworks",
				);
				MARKETING_VERSION = 1.0;
				PRODUCT_BUNDLE_IDENTIFIER = com.Janzomon.CardFlip;
				PRODUCT_NAME = "$(TARGET_NAME)";
				SWIFT_EMIT_LOC_STRINGS = YES;
				SWIFT_VERSION = 5.0;
				TARGETED_DEVICE_FAMILY = "1,2";
			};
			name = Release;
		};
		A5EA7E842CE3C92B002592F8 /* Debug */ = {
			isa = XCBuildConfiguration;
			buildSettings = {
				BUNDLE_LOADER = "$(TEST_HOST)";
				CODE_SIGN_STYLE = Automatic;
				CURRENT_PROJECT_VERSION = 1;
				DEVELOPMENT_TEAM = 5V3G35B3TW;
				GENERATE_INFOPLIST_FILE = YES;
				IPHONEOS_DEPLOYMENT_TARGET = 18.0;
				MARKETING_VERSION = 1.0;
				PRODUCT_BUNDLE_IDENTIFIER = com.Janzomon.CardFlipTests;
				PRODUCT_NAME = "$(TARGET_NAME)";
				SWIFT_EMIT_LOC_STRINGS = NO;
				SWIFT_VERSION = 5.0;
				TARGETED_DEVICE_FAMILY = "1,2";
				TEST_HOST = "$(BUILT_PRODUCTS_DIR)/CardFlip.app/$(BUNDLE_EXECUTABLE_FOLDER_PATH)/CardFlip";
			};
			name = Debug;
		};
		A5EA7E852CE3C92B002592F8 /* Release */ = {
			isa = XCBuildConfiguration;
			buildSettings = {
				BUNDLE_LOADER = "$(TEST_HOST)";
				CODE_SIGN_STYLE = Automatic;
				CURRENT_PROJECT_VERSION = 1;
				DEVELOPMENT_TEAM = 5V3G35B3TW;
				GENERATE_INFOPLIST_FILE = YES;
				IPHONEOS_DEPLOYMENT_TARGET = 18.0;
				MARKETING_VERSION = 1.0;
				PRODUCT_BUNDLE_IDENTIFIER = com.Janzomon.CardFlipTests;
				PRODUCT_NAME = "$(TARGET_NAME)";
				SWIFT_EMIT_LOC_STRINGS = NO;
				SWIFT_VERSION = 5.0;
				TARGETED_DEVICE_FAMILY = "1,2";
				TEST_HOST = "$(BUILT_PRODUCTS_DIR)/CardFlip.app/$(BUNDLE_EXECUTABLE_FOLDER_PATH)/CardFlip";
			};
			name = Release;
		};
		A5EA7E872CE3C92B002592F8 /* Debug */ = {
			isa = XCBuildConfiguration;
			buildSettings = {
				CODE_SIGN_STYLE = Automatic;
				CURRENT_PROJECT_VERSION = 1;
				DEVELOPMENT_TEAM = 5V3G35B3TW;
				GENERATE_INFOPLIST_FILE = YES;
				MARKETING_VERSION = 1.0;
				PRODUCT_BUNDLE_IDENTIFIER = com.Janzomon.CardFlipUITests;
				PRODUCT_NAME = "$(TARGET_NAME)";
				SWIFT_EMIT_LOC_STRINGS = NO;
				SWIFT_VERSION = 5.0;
				TARGETED_DEVICE_FAMILY = "1,2";
				TEST_TARGET_NAME = CardFlip;
			};
			name = Debug;
		};
		A5EA7E882CE3C92B002592F8 /* Release */ = {
			isa = XCBuildConfiguration;
			buildSettings = {
				CODE_SIGN_STYLE = Automatic;
				CURRENT_PROJECT_VERSION = 1;
				DEVELOPMENT_TEAM = 5V3G35B3TW;
				GENERATE_INFOPLIST_FILE = YES;
				MARKETING_VERSION = 1.0;
				PRODUCT_BUNDLE_IDENTIFIER = com.Janzomon.CardFlipUITests;
				PRODUCT_NAME = "$(TARGET_NAME)";
				SWIFT_EMIT_LOC_STRINGS = NO;
				SWIFT_VERSION = 5.0;
				TARGETED_DEVICE_FAMILY = "1,2";
				TEST_TARGET_NAME = CardFlip;
			};
			name = Release;
		};
/* End XCBuildConfiguration section */

/* Begin XCConfigurationList section */
		A5EA7E572CE3C92A002592F8 /* Build configuration list for PBXProject "CardFlip" */ = {
			isa = XCConfigurationList;
			buildConfigurations = (
				A5EA7E7E2CE3C92B002592F8 /* Debug */,
				A5EA7E7F2CE3C92B002592F8 /* Release */,
			);
			defaultConfigurationIsVisible = 0;
			defaultConfigurationName = Release;
		};
		A5EA7E802CE3C92B002592F8 /* Build configuration list for PBXNativeTarget "CardFlip" */ = {
			isa = XCConfigurationList;
			buildConfigurations = (
				A5EA7E812CE3C92B002592F8 /* Debug */,
				A5EA7E822CE3C92B002592F8 /* Release */,
			);
			defaultConfigurationIsVisible = 0;
			defaultConfigurationName = Release;
		};
		A5EA7E832CE3C92B002592F8 /* Build configuration list for PBXNativeTarget "CardFlipTests" */ = {
			isa = XCConfigurationList;
			buildConfigurations = (
				A5EA7E842CE3C92B002592F8 /* Debug */,
				A5EA7E852CE3C92B002592F8 /* Release */,
			);
			defaultConfigurationIsVisible = 0;
			defaultConfigurationName = Release;
		};
		A5EA7E862CE3C92B002592F8 /* Build configuration list for PBXNativeTarget "CardFlipUITests" */ = {
			isa = XCConfigurationList;
			buildConfigurations = (
				A5EA7E872CE3C92B002592F8 /* Debug */,
				A5EA7E882CE3C92B002592F8 /* Release */,
			);
			defaultConfigurationIsVisible = 0;
			defaultConfigurationName = Release;
		};
/* End XCConfigurationList section */
	};
	rootObject = A5EA7E542CE3C92A002592F8 /* Project object */;
}
